
Microsoft Visual Studio Solution File, Format Version 12.00
# Visual Studio 15
VisualStudioVersion = 15.0.28307.438
MinimumVisualStudioVersion = 10.0.40219.1
Project("{8BC9CEB8-8B4A-11D0-8D11-00A0C91BC942}") = "CalculatorTutorial", "CalculatorTutorial\CalculatorTutorial.vcxproj", "{D53D0735-320E-4726-B310-1BE10708CFDC}"
EndProject
Project("{FAE04EC0-301F-11D3-BF4B-00C04F79EFBC}") = "PryWindowsFormsApp1", "PryWindowsFormsApp1\PryWindowsFormsApp1.csproj", "{21E37CD7-F7D1-422A-9B3C-71DB88C8A4C2}"
EndProject
Global
	GlobalSection(SolutionConfigurationPlatforms) = preSolution
		Debug|Any CPU = Debug|Any CPU
		Debug|x64 = Debug|x64
		Debug|x86 = Debug|x86
		Release|Any CPU = Release|Any CPU
		Release|x64 = Release|x64
		Release|x86 = Release|x86
	EndGlobalSection
	GlobalSection(ProjectConfigurationPlatforms) = postSolution
		{D53D0735-320E-4726-B310-1BE10708CFDC}.Debug|Any CPU.ActiveCfg = Debug|Win32
		{D53D0735-320E-4726-B310-1BE10708CFDC}.Debug|x64.ActiveCfg = Debug|x64
		{D53D0735-320E-4726-B310-1BE10708CFDC}.Debug|x64.Build.0 = Debug|x64
		{D53D0735-320E-4726-B310-1BE10708CFDC}.Debug|x86.ActiveCfg = Debug|Win32
		{D53D0735-320E-4726-B310-1BE10708CFDC}.Debug|x86.Build.0 = Debug|Win32
		{D53D0735-320E-4726-B310-1BE10708CFDC}.Release|Any CPU.ActiveCfg = Release|Win32
		{D53D0735-320E-4726-B310-1BE10708CFDC}.Release|x64.ActiveCfg = Release|x64
		{D53D0735-320E-4726-B310-1BE10708CFDC}.Release|x64.Build.0 = Release|x64
		{D53D0735-320E-4726-B310-1BE10708CFDC}.Release|x86.ActiveCfg = Release|Win32
		{D53D0735-320E-4726-B310-1BE10708CFDC}.Release|x86.Build.0 = Release|Win32
		{21E37CD7-F7D1-422A-9B3C-71DB88C8A4C2}.Debug|Any CPU.ActiveCfg = Debug|Any CPU
		{21E37CD7-F7D1-422A-9B3C-71DB88C8A4C2}.Debug|Any CPU.Build.0 = Debug|Any CPU
		{21E37CD7-F7D1-422A-9B3C-71DB88C8A4C2}.Debug|x64.ActiveCfg = Debug|Any CPU
		{21E37CD7-F7D1-422A-9B3C-71DB88C8A4C2}.Debug|x64.Build.0 = Debug|Any CPU
		{21E37CD7-F7D1-422A-9B3C-71DB88C8A4C2}.Debug|x86.ActiveCfg = Debug|Any CPU
		{21E37CD7-F7D1-422A-9B3C-71DB88C8A4C2}.Debug|x86.Build.0 = Debug|Any CPU
		{21E37CD7-F7D1-422A-9B3C-71DB88C8A4C2}.Release|Any CPU.ActiveCfg = Release|Any CPU
		{21E37CD7-F7D1-422A-9B3C-71DB88C8A4C2}.Release|Any CPU.Build.0 = Release|Any CPU
		{21E37CD7-F7D1-422A-9B3C-71DB88C8A4C2}.Release|x64.ActiveCfg = Release|Any CPU
		{21E37CD7-F7D1-422A-9B3C-71DB88C8A4C2}.Release|x64.Build.0 = Release|Any CPU
		{21E37CD7-F7D1-422A-9B3C-71DB88C8A4C2}.Release|x86.ActiveCfg = Release|Any CPU
		{21E37CD7-F7D1-422A-9B3C-71DB88C8A4C2}.Release|x86.Build.0 = Release|Any CPU
	EndGlobalSection
	GlobalSection(SolutionProperties) = preSolution
		HideSolutionNode = FALSE
	EndGlobalSection
	GlobalSection(ExtensibilityGlobals) = postSolution
		SolutionGuid = {3EED334E-98C5-4DD4-98BB-391A0C7BB52F}
	EndGlobalSection
EndGlobal
